
Microsoft Visual Studio Solution File, Format Version 12.00
# Visual Studio Version 16
VisualStudioVersion = 25.0.1703.5
MinimumVisualStudioVersion = 10.0.40219.1
Project("{FAE04EC0-301F-11D3-BF4B-00C04F79EFBC}") = "CourseApp.Console", "CourseApp.Console\CourseApp.Console.csproj", "{26D6D36E-F618-41D5-B58E-17DFB3827225}"
EndProject
Project("{FAE04EC0-301F-11D3-BF4B-00C04F79EFBC}") = "CourseApp.Maui", "CourseApp.Maui\CourseApp.Maui.csproj", "{C7C8A736-3D4C-49F3-AA1D-987A2D95F7B3}"
EndProject
Global
	GlobalSection(SolutionConfigurationPlatforms) = preSolution
		Debug|Any CPU = Debug|Any CPU
		Release|Any CPU = Release|Any CPU
	EndGlobalSection
	GlobalSection(ProjectConfigurationPlatforms) = postSolution
		{26D6D36E-F618-41D5-B58E-17DFB3827225}.Debug|Any CPU.ActiveCfg = Debug|Any CPU
		{26D6D36E-F618-41D5-B58E-17DFB3827225}.Debug|Any CPU.Build.0 = Debug|Any CPU
		{26D6D36E-F618-41D5-B58E-17DFB3827225}.Release|Any CPU.ActiveCfg = Release|Any CPU
		{26D6D36E-F618-41D5-B58E-17DFB3827225}.Release|Any CPU.Build.0 = Release|Any CPU
		{C7C8A736-3D4C-49F3-AA1D-987A2D95F7B3}.Debug|Any CPU.ActiveCfg = Debug|Any CPU
		{C7C8A736-3D4C-49F3-AA1D-987A2D95F7B3}.Debug|Any CPU.Build.0 = Debug|Any CPU
		{C7C8A736-3D4C-49F3-AA1D-987A2D95F7B3}.Release|Any CPU.ActiveCfg = Release|Any CPU
		{C7C8A736-3D4C-49F3-AA1D-987A2D95F7B3}.Release|Any CPU.Build.0 = Release|Any CPU
	EndGlobalSection
	GlobalSection(SolutionProperties) = preSolution
		HideSolutionNode = FALSE
	EndGlobalSection
	GlobalSection(ExtensibilityGlobals) = postSolution
		SolutionGuid = {CD795125-987F-4EC3-A8FC-6B195DC8CA83}
	EndGlobalSection
EndGlobal
